// !$*UTF8*$!
{
	archiveVersion = 1;
	classes = {
	};
	objectVersion = 46;
	objects = {

/* Begin PBXBuildFile section */
		A9BAEF021C9BD774004F22B7 /* Fraction.m in Sources */ = {isa = PBXBuildFile; fileRef = A9BAEF011C9BD774004F22B7 /* Fraction.m */; };
		A9E10A371C9BD26100E7E7F9 /* main.m in Sources */ = {isa = PBXBuildFile; fileRef = A9E10A361C9BD26100E7E7F9 /* main.m */; };
/* End PBXBuildFile section */

/* Begin PBXCopyFilesBuildPhase section */
		A9E10A311C9BD26100E7E7F9 /* CopyFiles */ = {
			isa = PBXCopyFilesBuildPhase;
			buildActionMask = 2147483647;
			dstPath = /usr/share/man/man1/;
			dstSubfolderSpec = 0;
			files = (
			);
			runOnlyForDeploymentPostprocessing = 1;
		};
/* End PBXCopyFilesBuildPhase section */

/* Begin PBXFileReference section */
		A9BAEF001C9BD774004F22B7 /* Fraction.h */ = {isa = PBXFileReference; fileEncoding = 4; lastKnownFileType = sourcecode.c.h; path = Fraction.h; sourceTree = "<group>"; };
		A9BAEF011C9BD774004F22B7 /* Fraction.m */ = {isa = PBXFileReference; fileEncoding = 4; lastKnownFileType = sourcecode.c.objc; path = Fraction.m; sourceTree = "<group>"; };
		A9E10A331C9BD26100E7E7F9 /* JKKCFunction */ = {isa = PBXFileReference; explicitFileType = "compiled.mach-o.executable"; includeInIndex = 0; path = JKKCFunction; sourceTree = BUILT_PRODUCTS_DIR; };
		A9E10A361C9BD26100E7E7F9 /* main.m */ = {isa = PBXFileReference; lastKnownFileType = sourcecode.c.objc; path = main.m; sourceTree = "<group>"; };
/* End PBXFileReference section */

/* Begin PBXFrameworksBuildPhase section */
		A9E10A301C9BD26100E7E7F9 /* Frameworks */ = {
			isa = PBXFrameworksBuildPhase;
			buildActionMask = 2147483647;
			files = (
			);
			runOnlyForDeploymentPostprocessing = 0;
		};
/* End PBXFrameworksBuildPhase section */

/* Begin PBXGroup section */
		A9E10A2A1C9BD26100E7E7F9 = {
			isa = PBXGroup;
			children = (
				A9E10A351C9BD26100E7E7F9 /* JKKCFunction */,
				A9E10A341C9BD26100E7E7F9 /* Products */,
			);
			sourceTree = "<group>";
		};
		A9E10A341C9BD26100E7E7F9 /* Products */ = {
			isa = PBXGroup;
			children = (
				A9E10A331C9BD26100E7E7F9 /* JKKCFunction */,
			);
			name = Products;
			sourceTree = "<group>";
		};
		A9E10A351C9BD26100E7E7F9 /* JKKCFunction */ = {
			isa = PBXGroup;
			children = (
				A9E10A361C9BD26100E7E7F9 /* main.m */,
				A9BAEF001C9BD774004F22B7 /* Fraction.h */,
				A9BAEF011C9BD774004F22B7 /* Fraction.m */,
			);
			path = JKKCFunction;
			sourceTree = "<group>";
		};
/* End PBXGroup section */

/* Begin PBXNativeTarget section */
		A9E10A321C9BD26100E7E7F9 /* JKKCFunction */ = {
			isa = PBXNativeTarget;
			buildConfigurationList = A9E10A3A1C9BD26100E7E7F9 /* Build configuration list for PBXNativeTarget "JKKCFunction" */;
			buildPhases = (
				A9E10A2F1C9BD26100E7E7F9 /* Sources */,
				A9E10A301C9BD26100E7E7F9 /* Frameworks */,
				A9E10A311C9BD26100E7E7F9 /* CopyFiles */,
			);
			buildRules = (
			);
			dependencies = (
			);
			name = JKKCFunction;
			productName = JKKCFunction;
			productReference = A9E10A331C9BD26100E7E7F9 /* JKKCFunction */;
			productType = "com.apple.product-type.tool";
		};
/* End PBXNativeTarget section */

/* Begin PBXProject section */
		A9E10A2B1C9BD26100E7E7F9 /* Project object */ = {
			isa = PBXProject;
			attributes = {
				LastUpgradeCheck = 0720;
				ORGANIZATIONNAME = trainer;
				TargetAttributes = {
					A9E10A321C9BD26100E7E7F9 = {
						CreatedOnToolsVersion = 7.2;
					};
				};
			};
			buildConfigurationList = A9E10A2E1C9BD26100E7E7F9 /* Build configuration list for PBXProject "JKKCFunction" */;
			compatibilityVersion = "Xcode 3.2";
			developmentRegion = English;
			hasScannedForEncodings = 0;
			knownRegions = (
				en,
			);
			mainGroup = A9E10A2A1C9BD26100E7E7F9;
			productRefGroup = A9E10A341C9BD26100E7E7F9 /* Products */;
			projectDirPath = "";
			projectRoot = "";
			targets = (
				A9E10A321C9BD26100E7E7F9 /* JKKCFunction */,
			);
		};
/* End PBXProject section */

/* Begin PBXSourcesBuildPhase section */
		A9E10A2F1C9BD26100E7E7F9 /* Sources */ = {
			isa = PBXSourcesBuildPhase;
			buildActionMask = 2147483647;
			files = (
				A9E10A371C9BD26100E7E7F9 /* main.m in Sources */,
				A9BAEF021C9BD774004F22B7 /* Fraction.m in Sources */,
			);
			runOnlyForDeploymentPostprocessing = 0;
		};
/* End PBXSourcesBuildPhase section */

/* Begin XCBuildConfiguration section */
		A9E10A381C9BD26100E7E7F9 /* Debug */ = {
			isa = XCBuildConfiguration;
			buildSettings = {
				ALWAYS_SEARCH_USER_PATHS = NO;
				CLANG_CXX_LANGUAGE_STANDARD = "gnu++0x";
				CLANG_CXX_LIBRARY = "libc++";
				CLANG_ENABLE_MODULES = YES;
				CLANG_ENABLE_OBJC_ARC = YES;
				CLANG_WARN_BOOL_CONVERSION = YES;
				CLANG_WARN_CONSTANT_CONVERSION = YES;
				CLANG_WARN_DIRECT_OBJC_ISA_USAGE = YES_ERROR;
				CLANG_WARN_EMPTY_BODY = YES;
				CLANG_WARN_ENUM_CONVERSION = YES;
				CLANG_WARN_INT_CONVERSION = YES;
				CLANG_WARN_OBJC_ROOT_CLASS = YES_ERROR;
				CLANG_WARN_UNREACHABLE_CODE = YES;
				CLANG_WARN__DUPLICATE_METHOD_MATCH = YES;
				CODE_SIGN_IDENTITY = "-";
				COPY_PHASE_STRIP = NO;
				DEBUG_INFORMATION_FORMAT = dwarf;
				ENABLE_STRICT_OBJC_MSGSEND = YES;
				ENABLE_TESTABILITY = YES;
				GCC_C_LANGUAGE_STANDARD = gnu99;
				GCC_DYNAMIC_NO_PIC = NO;
				GCC_NO_COMMON_BLOCKS = YES;
				GCC_OPTIMIZATION_LEVEL = 0;
				GCC_PREPROCESSOR_DEFINITIONS = (
					"DEBUG=1",
					"$(inherited)",
				);
				GCC_WARN_64_TO_32_BIT_CONVERSION = YES;
				GCC_WARN_ABOUT_RETURN_TYPE = YES_ERROR;
				GCC_WARN_UNDECLARED_SELECTOR = YES;
				GCC_WARN_UNINITIALIZED_AUTOS = YES_AGGRESSIVE;
				GCC_WARN_UNUSED_FUNCTION = YES;
				GCC_WARN_UNUSED_VARIABLE = YES;
				MACOSX_DEPLOYMENT_TARGET = 10.11;
				MTL_ENABLE_DEBUG_INFO = YES;
				ONLY_ACTIVE_ARCH = YES;
				SDKROOT = macosx;
			};
			name = Debug;
		};
		A9E10A391C9BD26100E7E7F9 /* Release */ = {
			isa = XCBuildConfiguration;
			buildSettings = {
				ALWAYS_SEARCH_USER_PATHS = NO;
				CLANG_CXX_LANGUAGE_STANDARD = "gnu++0x";
				CLANG_CXX_LIBRARY = "libc++";
				CLANG_ENABLE_MODULES = YES;
				CLANG_ENABLE_OBJC_ARC = YES;
				CLANG_WARN_BOOL_CONVERSION = YES;
				CLANG_WARN_CONSTANT_CONVERSION = YES;
				CLANG_WARN_DIRECT_OBJC_ISA_USAGE = YES_ERROR;
				CLANG_WARN_EMPTY_BODY = YES;
				CLANG_WARN_ENUM_CONVERSION = YES;
				CLANG_WARN_INT_CONVERSION = YES;
				CLANG_WARN_OBJC_ROOT_CLASS = YES_ERROR;
				CLANG_WARN_UNREACHABLE_CODE = YES;
				CLANG_WARN__DUPLICATE_METHOD_MATCH = YES;
				CODE_SIGN_IDENTITY = "-";
				COPY_PHASE_STRIP = NO;
				DEBUG_INFORMATION_FORMAT = "dwarf-with-dsym";
				ENABLE_NS_ASSERTIONS = NO;
				ENABLE_STRICT_OBJC_MSGSEND = YES;
				GCC_C_LANGUAGE_STANDARD = gnu99;
				GCC_NO_COMMON_BLOCKS = YES;
				GCC_WARN_64_TO_32_BIT_CONVERSION = YES;
				GCC_WARN_ABOUT_RETURN_TYPE = YES_ERROR;
				GCC_WARN_UNDECLARED_SELECTOR = YES;
				GCC_WARN_UNINITIALIZED_AUTOS = YES_AGGRESSIVE;
				GCC_WARN_UNUSED_FUNCTION = YES;
				GCC_WARN_UNUSED_VARIABLE = YES;
				MACOSX_DEPLOYMENT_TARGET = 10.11;
				MTL_ENABLE_DEBUG_INFO = NO;
				SDKROOT = macosx;
			};
			name = Release;
		};
		A9E10A3B1C9BD26100E7E7F9 /* Debug */ = {
			isa = XCBuildConfiguration;
			buildSettings = {
				PRODUCT_NAME = "$(TARGET_NAME)";
			};
			name = Debug;
		};
		A9E10A3C1C9BD26100E7E7F9 /* Release */ = {
			isa = XCBuildConfiguration;
			buildSettings = {
				PRODUCT_NAME = "$(TARGET_NAME)";
			};
			name = Release;
		};
/* End XCBuildConfiguration section */

/* Begin XCConfigurationList section */
		A9E10A2E1C9BD26100E7E7F9 /* Build configuration list for PBXProject "JKKCFunction" */ = {
			isa = XCConfigurationList;
			buildConfigurations = (
				A9E10A381C9BD26100E7E7F9 /* Debug */,
				A9E10A391C9BD26100E7E7F9 /* Release */,
			);
			defaultConfigurationIsVisible = 0;
			defaultConfigurationName = Release;
		};
		A9E10A3A1C9BD26100E7E7F9 /* Build configuration list for PBXNativeTarget "JKKCFunction" */ = {
			isa = XCConfigurationList;
			buildConfigurations = (
				A9E10A3B1C9BD26100E7E7F9 /* Debug */,
				A9E10A3C1C9BD26100E7E7F9 /* Release */,
			);
			defaultConfigurationIsVisible = 0;
			defaultConfigurationName = Release;
		};
/* End XCConfigurationList section */
	};
	rootObject = A9E10A2B1C9BD26100E7E7F9 /* Project object */;
}
